// !$*UTF8*$!
{
	archiveVersion = 1;
	classes = {
	};
	objectVersion = 48;
	objects = {

/* Begin PBXBuildFile section */
		F78B6DA8201EBE6B00DFCF8F /* AppDelegate.m in Sources */ = {isa = PBXBuildFile; fileRef = F78B6DA7201EBE6B00DFCF8F /* AppDelegate.m */; };
		F78B6DAB201EBE6B00DFCF8F /* ViewController.m in Sources */ = {isa = PBXBuildFile; fileRef = F78B6DAA201EBE6B00DFCF8F /* ViewController.m */; };
		F78B6DAE201EBE6B00DFCF8F /* Main.storyboard in Resources */ = {isa = PBXBuildFile; fileRef = F78B6DAC201EBE6B00DFCF8F /* Main.storyboard */; };
		F78B6DB0201EBE6B00DFCF8F /* Assets.xcassets in Resources */ = {isa = PBXBuildFile; fileRef = F78B6DAF201EBE6B00DFCF8F /* Assets.xcassets */; };
		F78B6DB3201EBE6B00DFCF8F /* LaunchScreen.storyboard in Resources */ = {isa = PBXBuildFile; fileRef = F78B6DB1201EBE6B00DFCF8F /* LaunchScreen.storyboard */; };
		F78B6DB6201EBE6B00DFCF8F /* main.m in Sources */ = {isa = PBXBuildFile; fileRef = F78B6DB5201EBE6B00DFCF8F /* main.m */; };
		F78B6DC0201EBE6B00DFCF8F /* ZYFillDemoTests.m in Sources */ = {isa = PBXBuildFile; fileRef = F78B6DBF201EBE6B00DFCF8F /* ZYFillDemoTests.m */; };
		F78B6DCB201EBE6B00DFCF8F /* ZYFillDemoUITests.m in Sources */ = {isa = PBXBuildFile; fileRef = F78B6DCA201EBE6B00DFCF8F /* ZYFillDemoUITests.m */; };
		F78B6DE1201EBED900DFCF8F /* LinkedListStack.m in Sources */ = {isa = PBXBuildFile; fileRef = F78B6DDB201EBED800DFCF8F /* LinkedListStack.m */; };
		F78B6DE2201EBED900DFCF8F /* MyimageView.m in Sources */ = {isa = PBXBuildFile; fileRef = F78B6DDD201EBED900DFCF8F /* MyimageView.m */; };
		F78B6DE3201EBED900DFCF8F /* UIImage+pixels.m in Sources */ = {isa = PBXBuildFile; fileRef = F78B6DE0201EBED900DFCF8F /* UIImage+pixels.m */; };
		F78B6DEC201ECB3F00DFCF8F /* ColorPickerView.m in Sources */ = {isa = PBXBuildFile; fileRef = F78B6DEB201ECB3F00DFCF8F /* ColorPickerView.m */; };
		F78B6DEE201ECC2100DFCF8F /* pickerColor.png in Resources */ = {isa = PBXBuildFile; fileRef = F78B6DED201ECC2100DFCF8F /* pickerColor.png */; };
		F78B6EE420202D2000DFCF8F /* 1.1.png in Resources */ = {isa = PBXBuildFile; fileRef = F78B6EE320202D2000DFCF8F /* 1.1.png */; };
		F78B6EF2202030CF00DFCF8F /* 5.1.png in Resources */ = {isa = PBXBuildFile; fileRef = F78B6EF1202030CF00DFCF8F /* 5.1.png */; };
		F78B6EF4202032A400DFCF8F /* 6.1.png in Resources */ = {isa = PBXBuildFile; fileRef = F78B6EF3202032A400DFCF8F /* 6.1.png */; };
		F78B6EFA20203ED600DFCF8F /* 2.1.png in Resources */ = {isa = PBXBuildFile; fileRef = F78B6EF920203ED600DFCF8F /* 2.1.png */; };
		F78B6EFC20203EF800DFCF8F /* 3.1.png in Resources */ = {isa = PBXBuildFile; fileRef = F78B6EFB20203EF800DFCF8F /* 3.1.png */; };
		F78B6EFE20203F7000DFCF8F /* 4.1.png in Resources */ = {isa = PBXBuildFile; fileRef = F78B6EFD20203F7000DFCF8F /* 4.1.png */; };
/* End PBXBuildFile section */

/* Begin PBXContainerItemProxy section */
		F78B6DBC201EBE6B00DFCF8F /* PBXContainerItemProxy */ = {
			isa = PBXContainerItemProxy;
			containerPortal = F78B6D9B201EBE6B00DFCF8F /* Project object */;
			proxyType = 1;
			remoteGlobalIDString = F78B6DA2201EBE6B00DFCF8F;
			remoteInfo = ZYFillDemo;
		};
		F78B6DC7201EBE6B00DFCF8F /* PBXContainerItemProxy */ = {
			isa = PBXContainerItemProxy;
			containerPortal = F78B6D9B201EBE6B00DFCF8F /* Project object */;
			proxyType = 1;
			remoteGlobalIDString = F78B6DA2201EBE6B00DFCF8F;
			remoteInfo = ZYFillDemo;
		};
/* End PBXContainerItemProxy section */

/* Begin PBXFileReference section */
		F78B6DA3201EBE6B00DFCF8F /* ZYFillDemo.app */ = {isa = PBXFileReference; explicitFileType = wrapper.application; includeInIndex = 0; path = ZYFillDemo.app; sourceTree = BUILT_PRODUCTS_DIR; };
		F78B6DA6201EBE6B00DFCF8F /* AppDelegate.h */ = {isa = PBXFileReference; lastKnownFileType = sourcecode.c.h; path = AppDelegate.h; sourceTree = "<group>"; };
		F78B6DA7201EBE6B00DFCF8F /* AppDelegate.m */ = {isa = PBXFileReference; lastKnownFileType = sourcecode.c.objc; path = AppDelegate.m; sourceTree = "<group>"; };
		F78B6DA9201EBE6B00DFCF8F /* ViewController.h */ = {isa = PBXFileReference; lastKnownFileType = sourcecode.c.h; path = ViewController.h; sourceTree = "<group>"; };
		F78B6DAA201EBE6B00DFCF8F /* ViewController.m */ = {isa = PBXFileReference; lastKnownFileType = sourcecode.c.objc; path = ViewController.m; sourceTree = "<group>"; };
		F78B6DAD201EBE6B00DFCF8F /* Base */ = {isa = PBXFileReference; lastKnownFileType = file.storyboard; name = Base; path = Base.lproj/Main.storyboard; sourceTree = "<group>"; };
		F78B6DAF201EBE6B00DFCF8F /* Assets.xcassets */ = {isa = PBXFileReference; lastKnownFileType = folder.assetcatalog; path = Assets.xcassets; sourceTree = "<group>"; };
		F78B6DB2201EBE6B00DFCF8F /* Base */ = {isa = PBXFileReference; lastKnownFileType = file.storyboard; name = Base; path = Base.lproj/LaunchScreen.storyboard; sourceTree = "<group>"; };
		F78B6DB4201EBE6B00DFCF8F /* Info.plist */ = {isa = PBXFileReference; lastKnownFileType = text.plist.xml; path = Info.plist; sourceTree = "<group>"; };
		F78B6DB5201EBE6B00DFCF8F /* main.m */ = {isa = PBXFileReference; lastKnownFileType = sourcecode.c.objc; path = main.m; sourceTree = "<group>"; };
		F78B6DBB201EBE6B00DFCF8F /* ZYFillDemoTests.xctest */ = {isa = PBXFileReference; explicitFileType = wrapper.cfbundle; includeInIndex = 0; path = ZYFillDemoTests.xctest; sourceTree = BUILT_PRODUCTS_DIR; };
		F78B6DBF201EBE6B00DFCF8F /* ZYFillDemoTests.m */ = {isa = PBXFileReference; lastKnownFileType = sourcecode.c.objc; path = ZYFillDemoTests.m; sourceTree = "<group>"; };
		F78B6DC1201EBE6B00DFCF8F /* Info.plist */ = {isa = PBXFileReference; lastKnownFileType = text.plist.xml; path = Info.plist; sourceTree = "<group>"; };
		F78B6DC6201EBE6B00DFCF8F /* ZYFillDemoUITests.xctest */ = {isa = PBXFileReference; explicitFileType = wrapper.cfbundle; includeInIndex = 0; path = ZYFillDemoUITests.xctest; sourceTree = BUILT_PRODUCTS_DIR; };
		F78B6DCA201EBE6B00DFCF8F /* ZYFillDemoUITests.m */ = {isa = PBXFileReference; lastKnownFileType = sourcecode.c.objc; path = ZYFillDemoUITests.m; sourceTree = "<group>"; };
		F78B6DCC201EBE6B00DFCF8F /* Info.plist */ = {isa = PBXFileReference; lastKnownFileType = text.plist.xml; path = Info.plist; sourceTree = "<group>"; };
		F78B6DDB201EBED800DFCF8F /* LinkedListStack.m */ = {isa = PBXFileReference; fileEncoding = 4; lastKnownFileType = sourcecode.c.objc; path = LinkedListStack.m; sourceTree = "<group>"; };
		F78B6DDC201EBED800DFCF8F /* MyimageView.h */ = {isa = PBXFileReference; fileEncoding = 4; lastKnownFileType = sourcecode.c.h; path = MyimageView.h; sourceTree = "<group>"; };
		F78B6DDD201EBED900DFCF8F /* MyimageView.m */ = {isa = PBXFileReference; fileEncoding = 4; lastKnownFileType = sourcecode.c.objc; path = MyimageView.m; sourceTree = "<group>"; };
		F78B6DDE201EBED900DFCF8F /* LinkedListStack.h */ = {isa = PBXFileReference; fileEncoding = 4; lastKnownFileType = sourcecode.c.h; path = LinkedListStack.h; sourceTree = "<group>"; };
		F78B6DDF201EBED900DFCF8F /* UIImage+pixels.h */ = {isa = PBXFileReference; fileEncoding = 4; lastKnownFileType = sourcecode.c.h; path = "UIImage+pixels.h"; sourceTree = "<group>"; };
		F78B6DE0201EBED900DFCF8F /* UIImage+pixels.m */ = {isa = PBXFileReference; fileEncoding = 4; lastKnownFileType = sourcecode.c.objc; path = "UIImage+pixels.m"; sourceTree = "<group>"; };
		F78B6DEA201ECB3F00DFCF8F /* ColorPickerView.h */ = {isa = PBXFileReference; lastKnownFileType = sourcecode.c.h; path = ColorPickerView.h; sourceTree = "<group>"; };
		F78B6DEB201ECB3F00DFCF8F /* ColorPickerView.m */ = {isa = PBXFileReference; lastKnownFileType = sourcecode.c.objc; path = ColorPickerView.m; sourceTree = "<group>"; };
		F78B6DED201ECC2100DFCF8F /* pickerColor.png */ = {isa = PBXFileReference; lastKnownFileType = image.png; path = pickerColor.png; sourceTree = "<group>"; };
		F78B6EE320202D2000DFCF8F /* 1.1.png */ = {isa = PBXFileReference; lastKnownFileType = image.png; path = 1.1.png; sourceTree = "<group>"; };
		F78B6EF1202030CF00DFCF8F /* 5.1.png */ = {isa = PBXFileReference; lastKnownFileType = image.png; path = 5.1.png; sourceTree = "<group>"; };
		F78B6EF3202032A400DFCF8F /* 6.1.png */ = {isa = PBXFileReference; lastKnownFileType = image.png; path = 6.1.png; sourceTree = "<group>"; };
		F78B6EF920203ED600DFCF8F /* 2.1.png */ = {isa = PBXFileReference; lastKnownFileType = image.png; path = 2.1.png; sourceTree = "<group>"; };
		F78B6EFB20203EF800DFCF8F /* 3.1.png */ = {isa = PBXFileReference; lastKnownFileType = image.png; path = 3.1.png; sourceTree = "<group>"; };
		F78B6EFD20203F7000DFCF8F /* 4.1.png */ = {isa = PBXFileReference; lastKnownFileType = image.png; path = 4.1.png; sourceTree = "<group>"; };
/* End PBXFileReference section */

/* Begin PBXFrameworksBuildPhase section */
		F78B6DA0201EBE6B00DFCF8F /* Frameworks */ = {
			isa = PBXFrameworksBuildPhase;
			buildActionMask = 2147483647;
			files = (
			);
			runOnlyForDeploymentPostprocessing = 0;
		};
		F78B6DB8201EBE6B00DFCF8F /* Frameworks */ = {
			isa = PBXFrameworksBuildPhase;
			buildActionMask = 2147483647;
			files = (
			);
			runOnlyForDeploymentPostprocessing = 0;
		};
		F78B6DC3201EBE6B00DFCF8F /* Frameworks */ = {
			isa = PBXFrameworksBuildPhase;
			buildActionMask = 2147483647;
			files = (
			);
			runOnlyForDeploymentPostprocessing = 0;
		};
/* End PBXFrameworksBuildPhase section */

/* Begin PBXGroup section */
		F78B6D9A201EBE6B00DFCF8F = {
			isa = PBXGroup;
			children = (
				F78B6DA5201EBE6B00DFCF8F /* ZYFillDemo */,
				F78B6DBE201EBE6B00DFCF8F /* ZYFillDemoTests */,
				F78B6DC9201EBE6B00DFCF8F /* ZYFillDemoUITests */,
				F78B6DA4201EBE6B00DFCF8F /* Products */,
			);
			sourceTree = "<group>";
		};
		F78B6DA4201EBE6B00DFCF8F /* Products */ = {
			isa = PBXGroup;
			children = (
				F78B6DA3201EBE6B00DFCF8F /* ZYFillDemo.app */,
				F78B6DBB201EBE6B00DFCF8F /* ZYFillDemoTests.xctest */,
				F78B6DC6201EBE6B00DFCF8F /* ZYFillDemoUITests.xctest */,
			);
			name = Products;
			sourceTree = "<group>";
		};
		F78B6DA5201EBE6B00DFCF8F /* ZYFillDemo */ = {
			isa = PBXGroup;
			children = (
				F78B6DD8201EBE7900DFCF8F /* fillManager */,
				F78B6DA6201EBE6B00DFCF8F /* AppDelegate.h */,
				F78B6DA7201EBE6B00DFCF8F /* AppDelegate.m */,
				F78B6DA9201EBE6B00DFCF8F /* ViewController.h */,
				F78B6DAA201EBE6B00DFCF8F /* ViewController.m */,
				F78B6DAC201EBE6B00DFCF8F /* Main.storyboard */,
				F78B6DAF201EBE6B00DFCF8F /* Assets.xcassets */,
				F78B6DB1201EBE6B00DFCF8F /* LaunchScreen.storyboard */,
				F78B6DB4201EBE6B00DFCF8F /* Info.plist */,
				F78B6DB5201EBE6B00DFCF8F /* main.m */,
			);
			path = ZYFillDemo;
			sourceTree = "<group>";
		};
		F78B6DBE201EBE6B00DFCF8F /* ZYFillDemoTests */ = {
			isa = PBXGroup;
			children = (
				F78B6DBF201EBE6B00DFCF8F /* ZYFillDemoTests.m */,
				F78B6DC1201EBE6B00DFCF8F /* Info.plist */,
			);
			path = ZYFillDemoTests;
			sourceTree = "<group>";
		};
		F78B6DC9201EBE6B00DFCF8F /* ZYFillDemoUITests */ = {
			isa = PBXGroup;
			children = (
				F78B6DCA201EBE6B00DFCF8F /* ZYFillDemoUITests.m */,
				F78B6DCC201EBE6B00DFCF8F /* Info.plist */,
			);
			path = ZYFillDemoUITests;
			sourceTree = "<group>";
		};
		F78B6DD8201EBE7900DFCF8F /* fillManager */ = {
			isa = PBXGroup;
			children = (
				F78B6DDE201EBED900DFCF8F /* LinkedListStack.h */,
				F78B6DDB201EBED800DFCF8F /* LinkedListStack.m */,
				F78B6DDC201EBED800DFCF8F /* MyimageView.h */,
				F78B6DDD201EBED900DFCF8F /* MyimageView.m */,
				F78B6DDF201EBED900DFCF8F /* UIImage+pixels.h */,
				F78B6DE0201EBED900DFCF8F /* UIImage+pixels.m */,
				F78B6EE320202D2000DFCF8F /* 1.1.png */,
				F78B6EF920203ED600DFCF8F /* 2.1.png */,
				F78B6EFB20203EF800DFCF8F /* 3.1.png */,
				F78B6EFD20203F7000DFCF8F /* 4.1.png */,
				F78B6EF1202030CF00DFCF8F /* 5.1.png */,
				F78B6EF3202032A400DFCF8F /* 6.1.png */,
				F78B6DED201ECC2100DFCF8F /* pickerColor.png */,
				F78B6DEA201ECB3F00DFCF8F /* ColorPickerView.h */,
				F78B6DEB201ECB3F00DFCF8F /* ColorPickerView.m */,
			);
			path = fillManager;
			sourceTree = "<group>";
		};
/* End PBXGroup section */

/* Begin PBXNativeTarget section */
		F78B6DA2201EBE6B00DFCF8F /* ZYFillDemo */ = {
			isa = PBXNativeTarget;
			buildConfigurationList = F78B6DCF201EBE6B00DFCF8F /* Build configuration list for PBXNativeTarget "ZYFillDemo" */;
			buildPhases = (
				F78B6D9F201EBE6B00DFCF8F /* Sources */,
				F78B6DA0201EBE6B00DFCF8F /* Frameworks */,
				F78B6DA1201EBE6B00DFCF8F /* Resources */,
			);
			buildRules = (
			);
			dependencies = (
			);
			name = ZYFillDemo;
			productName = ZYFillDemo;
			productReference = F78B6DA3201EBE6B00DFCF8F /* ZYFillDemo.app */;
			productType = "com.apple.product-type.application";
		};
		F78B6DBA201EBE6B00DFCF8F /* ZYFillDemoTests */ = {
			isa = PBXNativeTarget;
			buildConfigurationList = F78B6DD2201EBE6B00DFCF8F /* Build configuration list for PBXNativeTarget "ZYFillDemoTests" */;
			buildPhases = (
				F78B6DB7201EBE6B00DFCF8F /* Sources */,
				F78B6DB8201EBE6B00DFCF8F /* Frameworks */,
				F78B6DB9201EBE6B00DFCF8F /* Resources */,
			);
			buildRules = (
			);
			dependencies = (
				F78B6DBD201EBE6B00DFCF8F /* PBXTargetDependency */,
			);
			name = ZYFillDemoTests;
			productName = ZYFillDemoTests;
			productReference = F78B6DBB201EBE6B00DFCF8F /* ZYFillDemoTests.xctest */;
			productType = "com.apple.product-type.bundle.unit-test";
		};
		F78B6DC5201EBE6B00DFCF8F /* ZYFillDemoUITests */ = {
			isa = PBXNativeTarget;
			buildConfigurationList = F78B6DD5201EBE6B00DFCF8F /* Build configuration list for PBXNativeTarget "ZYFillDemoUITests" */;
			buildPhases = (
				F78B6DC2201EBE6B00DFCF8F /* Sources */,
				F78B6DC3201EBE6B00DFCF8F /* Frameworks */,
				F78B6DC4201EBE6B00DFCF8F /* Resources */,
			);
			buildRules = (
			);
			dependencies = (
				F78B6DC8201EBE6B00DFCF8F /* PBXTargetDependency */,
			);
			name = ZYFillDemoUITests;
			productName = ZYFillDemoUITests;
			productReference = F78B6DC6201EBE6B00DFCF8F /* ZYFillDemoUITests.xctest */;
			productType = "com.apple.product-type.bundle.ui-testing";
		};
/* End PBXNativeTarget section */

/* Begin PBXProject section */
		F78B6D9B201EBE6B00DFCF8F /* Project object */ = {
			isa = PBXProject;
			attributes = {
				LastUpgradeCheck = 0920;
				ORGANIZATIONNAME = "༺ོ࿆强ོ࿆ ༻";
				TargetAttributes = {
					F78B6DA2201EBE6B00DFCF8F = {
						CreatedOnToolsVersion = 9.2;
						ProvisioningStyle = Automatic;
					};
					F78B6DBA201EBE6B00DFCF8F = {
						CreatedOnToolsVersion = 9.2;
						ProvisioningStyle = Automatic;
						TestTargetID = F78B6DA2201EBE6B00DFCF8F;
					};
					F78B6DC5201EBE6B00DFCF8F = {
						CreatedOnToolsVersion = 9.2;
						ProvisioningStyle = Automatic;
						TestTargetID = F78B6DA2201EBE6B00DFCF8F;
					};
				};
			};
			buildConfigurationList = F78B6D9E201EBE6B00DFCF8F /* Build configuration list for PBXProject "ZYFillDemo" */;
			compatibilityVersion = "Xcode 8.0";
			developmentRegion = en;
			hasScannedForEncodings = 0;
			knownRegions = (
				en,
				Base,
			);
			mainGroup = F78B6D9A201EBE6B00DFCF8F;
			productRefGroup = F78B6DA4201EBE6B00DFCF8F /* Products */;
			projectDirPath = "";
			projectRoot = "";
			targets = (
				F78B6DA2201EBE6B00DFCF8F /* ZYFillDemo */,
				F78B6DBA201EBE6B00DFCF8F /* ZYFillDemoTests */,
				F78B6DC5201EBE6B00DFCF8F /* ZYFillDemoUITests */,
			);
		};
/* End PBXProject section */

/* Begin PBXResourcesBuildPhase section */
		F78B6DA1201EBE6B00DFCF8F /* Resources */ = {
			isa = PBXResourcesBuildPhase;
			buildActionMask = 2147483647;
			files = (
				F78B6EFC20203EF800DFCF8F /* 3.1.png in Resources */,
				F78B6EF2202030CF00DFCF8F /* 5.1.png in Resources */,
				F78B6EF4202032A400DFCF8F /* 6.1.png in Resources */,
				F78B6DB3201EBE6B00DFCF8F /* LaunchScreen.storyboard in Resources */,
				F78B6DEE201ECC2100DFCF8F /* pickerColor.png in Resources */,
				F78B6EFA20203ED600DFCF8F /* 2.1.png in Resources */,
				F78B6EE420202D2000DFCF8F /* 1.1.png in Resources */,
				F78B6DB0201EBE6B00DFCF8F /* Assets.xcassets in Resources */,
				F78B6EFE20203F7000DFCF8F /* 4.1.png in Resources */,
				F78B6DAE201EBE6B00DFCF8F /* Main.storyboard in Resources */,
			);
			runOnlyForDeploymentPostprocessing = 0;
		};
		F78B6DB9201EBE6B00DFCF8F /* Resources */ = {
			isa = PBXResourcesBuildPhase;
			buildActionMask = 2147483647;
			files = (
			);
			runOnlyForDeploymentPostprocessing = 0;
		};
		F78B6DC4201EBE6B00DFCF8F /* Resources */ = {
			isa = PBXResourcesBuildPhase;
			buildActionMask = 2147483647;
			files = (
			);
			runOnlyForDeploymentPostprocessing = 0;
		};
/* End PBXResourcesBuildPhase section */

/* Begin PBXSourcesBuildPhase section */
		F78B6D9F201EBE6B00DFCF8F /* Sources */ = {
			isa = PBXSourcesBuildPhase;
			buildActionMask = 2147483647;
			files = (
				F78B6DAB201EBE6B00DFCF8F /* ViewController.m in Sources */,
				F78B6DEC201ECB3F00DFCF8F /* ColorPickerView.m in Sources */,
				F78B6DE2201EBED900DFCF8F /* MyimageView.m in Sources */,
				F78B6DE3201EBED900DFCF8F /* UIImage+pixels.m in Sources */,
				F78B6DE1201EBED900DFCF8F /* LinkedListStack.m in Sources */,
				F78B6DB6201EBE6B00DFCF8F /* main.m in Sources */,
				F78B6DA8201EBE6B00DFCF8F /* AppDelegate.m in Sources */,
			);
			runOnlyForDeploymentPostprocessing = 0;
		};
		F78B6DB7201EBE6B00DFCF8F /* Sources */ = {
			isa = PBXSourcesBuildPhase;
			buildActionMask = 2147483647;
			files = (
				F78B6DC0201EBE6B00DFCF8F /* ZYFillDemoTests.m in Sources */,
			);
			runOnlyForDeploymentPostprocessing = 0;
		};
		F78B6DC2201EBE6B00DFCF8F /* Sources */ = {
			isa = PBXSourcesBuildPhase;
			buildActionMask = 2147483647;
			files = (
				F78B6DCB201EBE6B00DFCF8F /* ZYFillDemoUITests.m in Sources */,
			);
			runOnlyForDeploymentPostprocessing = 0;
		};
/* End PBXSourcesBuildPhase section */

/* Begin PBXTargetDependency section */
		F78B6DBD201EBE6B00DFCF8F /* PBXTargetDependency */ = {
			isa = PBXTargetDependency;
			target = F78B6DA2201EBE6B00DFCF8F /* ZYFillDemo */;
			targetProxy = F78B6DBC201EBE6B00DFCF8F /* PBXContainerItemProxy */;
		};
		F78B6DC8201EBE6B00DFCF8F /* PBXTargetDependency */ = {
			isa = PBXTargetDependency;
			target = F78B6DA2201EBE6B00DFCF8F /* ZYFillDemo */;
			targetProxy = F78B6DC7201EBE6B00DFCF8F /* PBXContainerItemProxy */;
		};
/* End PBXTargetDependency section */

/* Begin PBXVariantGroup section */
		F78B6DAC201EBE6B00DFCF8F /* Main.storyboard */ = {
			isa = PBXVariantGroup;
			children = (
				F78B6DAD201EBE6B00DFCF8F /* Base */,
			);
			name = Main.storyboard;
			sourceTree = "<group>";
		};
		F78B6DB1201EBE6B00DFCF8F /* LaunchScreen.storyboard */ = {
			isa = PBXVariantGroup;
			children = (
				F78B6DB2201EBE6B00DFCF8F /* Base */,
			);
			name = LaunchScreen.storyboard;
			sourceTree = "<group>";
		};
/* End PBXVariantGroup section */

/* Begin XCBuildConfiguration section */
		F78B6DCD201EBE6B00DFCF8F /* Debug */ = {
			isa = XCBuildConfiguration;
			buildSettings = {
				ALWAYS_SEARCH_USER_PATHS = NO;
				CLANG_ANALYZER_NONNULL = YES;
				CLANG_ANALYZER_NUMBER_OBJECT_CONVERSION = YES_AGGRESSIVE;
				CLANG_CXX_LANGUAGE_STANDARD = "gnu++14";
				CLANG_CXX_LIBRARY = "libc++";
				CLANG_ENABLE_MODULES = YES;
				CLANG_ENABLE_OBJC_ARC = YES;
				CLANG_WARN_BLOCK_CAPTURE_AUTORELEASING = YES;
				CLANG_WARN_BOOL_CONVERSION = YES;
				CLANG_WARN_COMMA = YES;
				CLANG_WARN_CONSTANT_CONVERSION = YES;
				CLANG_WARN_DIRECT_OBJC_ISA_USAGE = YES_ERROR;
				CLANG_WARN_DOCUMENTATION_COMMENTS = YES;
				CLANG_WARN_EMPTY_BODY = YES;
				CLANG_WARN_ENUM_CONVERSION = YES;
				CLANG_WARN_INFINITE_RECURSION = YES;
				CLANG_WARN_INT_CONVERSION = YES;
				CLANG_WARN_NON_LITERAL_NULL_CONVERSION = YES;
				CLANG_WARN_OBJC_LITERAL_CONVERSION = YES;
				CLANG_WARN_OBJC_ROOT_CLASS = YES_ERROR;
				CLANG_WARN_RANGE_LOOP_ANALYSIS = YES;
				CLANG_WARN_STRICT_PROTOTYPES = YES;
				CLANG_WARN_SUSPICIOUS_MOVE = YES;
				CLANG_WARN_UNGUARDED_AVAILABILITY = YES_AGGRESSIVE;
				CLANG_WARN_UNREACHABLE_CODE = YES;
				CLANG_WARN__DUPLICATE_METHOD_MATCH = YES;
				CODE_SIGN_IDENTITY = "iPhone Developer";
				COPY_PHASE_STRIP = NO;
				DEBUG_INFORMATION_FORMAT = dwarf;
				ENABLE_STRICT_OBJC_MSGSEND = YES;
				ENABLE_TESTABILITY = YES;
				GCC_C_LANGUAGE_STANDARD = gnu11;
				GCC_DYNAMIC_NO_PIC = NO;
				GCC_NO_COMMON_BLOCKS = YES;
				GCC_OPTIMIZATION_LEVEL = 0;
				GCC_PREPROCESSOR_DEFINITIONS = (
					"DEBUG=1",
					"$(inherited)",
				);
				GCC_WARN_64_TO_32_BIT_CONVERSION = YES;
				GCC_WARN_ABOUT_RETURN_TYPE = YES_ERROR;
				GCC_WARN_UNDECLARED_SELECTOR = YES;
				GCC_WARN_UNINITIALIZED_AUTOS = YES_AGGRESSIVE;
				GCC_WARN_UNUSED_FUNCTION = YES;
				GCC_WARN_UNUSED_VARIABLE = YES;
				IPHONEOS_DEPLOYMENT_TARGET = 11.2;
				MTL_ENABLE_DEBUG_INFO = YES;
				ONLY_ACTIVE_ARCH = YES;
				SDKROOT = iphoneos;
			};
			name = Debug;
		};
		F78B6DCE201EBE6B00DFCF8F /* Release */ = {
			isa = XCBuildConfiguration;
			buildSettings = {
				ALWAYS_SEARCH_USER_PATHS = NO;
				CLANG_ANALYZER_NONNULL = YES;
				CLANG_ANALYZER_NUMBER_OBJECT_CONVERSION = YES_AGGRESSIVE;
				CLANG_CXX_LANGUAGE_STANDARD = "gnu++14";
				CLANG_CXX_LIBRARY = "libc++";
				CLANG_ENABLE_MODULES = YES;
				CLANG_ENABLE_OBJC_ARC = YES;
				CLANG_WARN_BLOCK_CAPTURE_AUTORELEASING = YES;
				CLANG_WARN_BOOL_CONVERSION = YES;
				CLANG_WARN_COMMA = YES;
				CLANG_WARN_CONSTANT_CONVERSION = YES;
				CLANG_WARN_DIRECT_OBJC_ISA_USAGE = YES_ERROR;
				CLANG_WARN_DOCUMENTATION_COMMENTS = YES;
				CLANG_WARN_EMPTY_BODY = YES;
				CLANG_WARN_ENUM_CONVERSION = YES;
				CLANG_WARN_INFINITE_RECURSION = YES;
				CLANG_WARN_INT_CONVERSION = YES;
				CLANG_WARN_NON_LITERAL_NULL_CONVERSION = YES;
				CLANG_WARN_OBJC_LITERAL_CONVERSION = YES;
				CLANG_WARN_OBJC_ROOT_CLASS = YES_ERROR;
				CLANG_WARN_RANGE_LOOP_ANALYSIS = YES;
				CLANG_WARN_STRICT_PROTOTYPES = YES;
				CLANG_WARN_SUSPICIOUS_MOVE = YES;
				CLANG_WARN_UNGUARDED_AVAILABILITY = YES_AGGRESSIVE;
				CLANG_WARN_UNREACHABLE_CODE = YES;
				CLANG_WARN__DUPLICATE_METHOD_MATCH = YES;
				CODE_SIGN_IDENTITY = "iPhone Developer";
				COPY_PHASE_STRIP = NO;
				DEBUG_INFORMATION_FORMAT = "dwarf-with-dsym";
				ENABLE_NS_ASSERTIONS = NO;
				ENABLE_STRICT_OBJC_MSGSEND = YES;
				GCC_C_LANGUAGE_STANDARD = gnu11;
				GCC_NO_COMMON_BLOCKS = YES;
				GCC_WARN_64_TO_32_BIT_CONVERSION = YES;
				GCC_WARN_ABOUT_RETURN_TYPE = YES_ERROR;
				GCC_WARN_UNDECLARED_SELECTOR = YES;
				GCC_WARN_UNINITIALIZED_AUTOS = YES_AGGRESSIVE;
				GCC_WARN_UNUSED_FUNCTION = YES;
				GCC_WARN_UNUSED_VARIABLE = YES;
				IPHONEOS_DEPLOYMENT_TARGET = 11.2;
				MTL_ENABLE_DEBUG_INFO = NO;
				SDKROOT = iphoneos;
				VALIDATE_PRODUCT = YES;
			};
			name = Release;
		};
		F78B6DD0201EBE6B00DFCF8F /* Debug */ = {
			isa = XCBuildConfiguration;
			buildSettings = {
				CODE_SIGN_STYLE = Automatic;
				DEVELOPMENT_TEAM = 48J8UJB93W;
				INFOPLIST_FILE = ZYFillDemo/Info.plist;
				IPHONEOS_DEPLOYMENT_TARGET = 9.0;
				LD_RUNPATH_SEARCH_PATHS = "$(inherited) @executable_path/Frameworks";
				PRODUCT_BUNDLE_IDENTIFIER = test.ZYFillDemo;
				PRODUCT_NAME = "$(TARGET_NAME)";
				TARGETED_DEVICE_FAMILY = "1,2";
			};
			name = Debug;
		};
		F78B6DD1201EBE6B00DFCF8F /* Release */ = {
			isa = XCBuildConfiguration;
			buildSettings = {
				CODE_SIGN_STYLE = Automatic;
				DEVELOPMENT_TEAM = 48J8UJB93W;
				INFOPLIST_FILE = ZYFillDemo/Info.plist;
				IPHONEOS_DEPLOYMENT_TARGET = 9.0;
				LD_RUNPATH_SEARCH_PATHS = "$(inherited) @executable_path/Frameworks";
				PRODUCT_BUNDLE_IDENTIFIER = test.ZYFillDemo;
				PRODUCT_NAME = "$(TARGET_NAME)";
				TARGETED_DEVICE_FAMILY = "1,2";
			};
			name = Release;
		};
		F78B6DD3201EBE6B00DFCF8F /* Debug */ = {
			isa = XCBuildConfiguration;
			buildSettings = {
				BUNDLE_LOADER = "$(TEST_HOST)";
				CODE_SIGN_STYLE = Automatic;
				DEVELOPMENT_TEAM = 48J8UJB93W;
				INFOPLIST_FILE = ZYFillDemoTests/Info.plist;
				LD_RUNPATH_SEARCH_PATHS = "$(inherited) @executable_path/Frameworks @loader_path/Frameworks";
				PRODUCT_BUNDLE_IDENTIFIER = test.ZYFillDemoTests;
				PRODUCT_NAME = "$(TARGET_NAME)";
				TARGETED_DEVICE_FAMILY = "1,2";
				TEST_HOST = "$(BUILT_PRODUCTS_DIR)/ZYFillDemo.app/ZYFillDemo";
			};
			name = Debug;
		};
		F78B6DD4201EBE6B00DFCF8F /* Release */ = {
			isa = XCBuildConfiguration;
			buildSettings = {
				BUNDLE_LOADER = "$(TEST_HOST)";
				CODE_SIGN_STYLE = Automatic;
				DEVELOPMENT_TEAM = 48J8UJB93W;
				INFOPLIST_FILE = ZYFillDemoTests/Info.plist;
				LD_RUNPATH_SEARCH_PATHS = "$(inherited) @executable_path/Frameworks @loader_path/Frameworks";
				PRODUCT_BUNDLE_IDENTIFIER = test.ZYFillDemoTests;
				PRODUCT_NAME = "$(TARGET_NAME)";
				TARGETED_DEVICE_FAMILY = "1,2";
				TEST_HOST = "$(BUILT_PRODUCTS_DIR)/ZYFillDemo.app/ZYFillDemo";
			};
			name = Release;
		};
		F78B6DD6201EBE6B00DFCF8F /* Debug */ = {
			isa = XCBuildConfiguration;
			buildSettings = {
				CODE_SIGN_STYLE = Automatic;
				DEVELOPMENT_TEAM = 48J8UJB93W;
				INFOPLIST_FILE = ZYFillDemoUITests/Info.plist;
				LD_RUNPATH_SEARCH_PATHS = "$(inherited) @executable_path/Frameworks @loader_path/Frameworks";
				PRODUCT_BUNDLE_IDENTIFIER = test.ZYFillDemoUITests;
				PRODUCT_NAME = "$(TARGET_NAME)";
				TARGETED_DEVICE_FAMILY = "1,2";
				TEST_TARGET_NAME = ZYFillDemo;
			};
			name = Debug;
		};
		F78B6DD7201EBE6B00DFCF8F /* Release */ = {
			isa = XCBuildConfiguration;
			buildSettings = {
				CODE_SIGN_STYLE = Automatic;
				DEVELOPMENT_TEAM = 48J8UJB93W;
				INFOPLIST_FILE = ZYFillDemoUITests/Info.plist;
				LD_RUNPATH_SEARCH_PATHS = "$(inherited) @executable_path/Frameworks @loader_path/Frameworks";
				PRODUCT_BUNDLE_IDENTIFIER = test.ZYFillDemoUITests;
				PRODUCT_NAME = "$(TARGET_NAME)";
				TARGETED_DEVICE_FAMILY = "1,2";
				TEST_TARGET_NAME = ZYFillDemo;
			};
			name = Release;
		};
/* End XCBuildConfiguration section */

/* Begin XCConfigurationList section */
		F78B6D9E201EBE6B00DFCF8F /* Build configuration list for PBXProject "ZYFillDemo" */ = {
			isa = XCConfigurationList;
			buildConfigurations = (
				F78B6DCD201EBE6B00DFCF8F /* Debug */,
				F78B6DCE201EBE6B00DFCF8F /* Release */,
			);
			defaultConfigurationIsVisible = 0;
			defaultConfigurationName = Release;
		};
		F78B6DCF201EBE6B00DFCF8F /* Build configuration list for PBXNativeTarget "ZYFillDemo" */ = {
			isa = XCConfigurationList;
			buildConfigurations = (
				F78B6DD0201EBE6B00DFCF8F /* Debug */,
				F78B6DD1201EBE6B00DFCF8F /* Release */,
			);
			defaultConfigurationIsVisible = 0;
			defaultConfigurationName = Release;
		};
		F78B6DD2201EBE6B00DFCF8F /* Build configuration list for PBXNativeTarget "ZYFillDemoTests" */ = {
			isa = XCConfigurationList;
			buildConfigurations = (
				F78B6DD3201EBE6B00DFCF8F /* Debug */,
				F78B6DD4201EBE6B00DFCF8F /* Release */,
			);
			defaultConfigurationIsVisible = 0;
			defaultConfigurationName = Release;
		};
		F78B6DD5201EBE6B00DFCF8F /* Build configuration list for PBXNativeTarget "ZYFillDemoUITests" */ = {
			isa = XCConfigurationList;
			buildConfigurations = (
				F78B6DD6201EBE6B00DFCF8F /* Debug */,
				F78B6DD7201EBE6B00DFCF8F /* Release */,
			);
			defaultConfigurationIsVisible = 0;
			defaultConfigurationName = Release;
		};
/* End XCConfigurationList section */
	};
	rootObject = F78B6D9B201EBE6B00DFCF8F /* Project object */;
}
